
Microsoft Visual Studio Solution File, Format Version 12.00
# Visual Studio Version 17
VisualStudioVersion = 17.1.32210.238
MinimumVisualStudioVersion = 10.0.40219.1
Project("{FAE04EC0-301F-11D3-BF4B-00C04F79EFBC}") = "InventoryDataManagement", "ConsoleApp1\InventoryDataManagement.csproj", "{9ECE2BD4-C06A-4770-94C7-C1FDBEFEF5FB}"
EndProject
Global
	GlobalSection(SolutionConfigurationPlatforms) = preSolution
		Debug|Any CPU = Debug|Any CPU
		Release|Any CPU = Release|Any CPU
	EndGlobalSection
	GlobalSection(ProjectConfigurationPlatforms) = postSolution
		{9ECE2BD4-C06A-4770-94C7-C1FDBEFEF5FB}.Debug|Any CPU.ActiveCfg = Debug|Any CPU
		{9ECE2BD4-C06A-4770-94C7-C1FDBEFEF5FB}.Debug|Any CPU.Build.0 = Debug|Any CPU
		{9ECE2BD4-C06A-4770-94C7-C1FDBEFEF5FB}.Release|Any CPU.ActiveCfg = Release|Any CPU
		{9ECE2BD4-C06A-4770-94C7-C1FDBEFEF5FB}.Release|Any CPU.Build.0 = Release|Any CPU
	EndGlobalSection
	GlobalSection(SolutionProperties) = preSolution
		HideSolutionNode = FALSE
	EndGlobalSection
	GlobalSection(ExtensibilityGlobals) = postSolution
		SolutionGuid = {87521194-9DB8-4C5C-B350-C41659351057}
	EndGlobalSection
EndGlobal
